
Microsoft Visual Studio Solution File, Format Version 12.00
# Visual Studio Version 17
VisualStudioVersion = 17.0.31912.275
MinimumVisualStudioVersion = 10.0.40219.1
Project("{9A19103F-16F7-4668-BE54-9A1E7A4F7556}") = "Exchange.Email.Notifications", "Exchange.Email.Notifications\Exchange.Email.Notifications.csproj", "{449F69E2-19E4-4E46-A8AF-4DC59C8AD6BF}"
EndProject
Global
	GlobalSection(SolutionConfigurationPlatforms) = preSolution
		Debug|Any CPU = Debug|Any CPU
		Release|Any CPU = Release|Any CPU
	EndGlobalSection
	GlobalSection(ProjectConfigurationPlatforms) = postSolution
		{449F69E2-19E4-4E46-A8AF-4DC59C8AD6BF}.Debug|Any CPU.ActiveCfg = Debug|Any CPU
		{449F69E2-19E4-4E46-A8AF-4DC59C8AD6BF}.Debug|Any CPU.Build.0 = Debug|Any CPU
		{449F69E2-19E4-4E46-A8AF-4DC59C8AD6BF}.Release|Any CPU.ActiveCfg = Release|Any CPU
		{449F69E2-19E4-4E46-A8AF-4DC59C8AD6BF}.Release|Any CPU.Build.0 = Release|Any CPU
	EndGlobalSection
	GlobalSection(SolutionProperties) = preSolution
		HideSolutionNode = FALSE
	EndGlobalSection
	GlobalSection(ExtensibilityGlobals) = postSolution
		SolutionGuid = {7C7FCB9F-8354-4C47-B41C-BFE123DFD5F8}
	EndGlobalSection
EndGlobal
